
Microsoft Visual Studio Solution File, Format Version 12.00
# Visual Studio Version 17
VisualStudioVersion = 17.4.33213.308
MinimumVisualStudioVersion = 10.0.40219.1
Project("{FAE04EC0-301F-11D3-BF4B-00C04F79EFBC}") = "Agentstvo23", "Agentstvo23\Agentstvo23.csproj", "{19DA9C32-EFA1-4AE0-9D38-5EF89A1AA0AF}"
EndProject
Global
	GlobalSection(SolutionConfigurationPlatforms) = preSolution
		Debug|Any CPU = Debug|Any CPU
		Release|Any CPU = Release|Any CPU
	EndGlobalSection
	GlobalSection(ProjectConfigurationPlatforms) = postSolution
		{19DA9C32-EFA1-4AE0-9D38-5EF89A1AA0AF}.Debug|Any CPU.ActiveCfg = Debug|Any CPU
		{19DA9C32-EFA1-4AE0-9D38-5EF89A1AA0AF}.Debug|Any CPU.Build.0 = Debug|Any CPU
		{19DA9C32-EFA1-4AE0-9D38-5EF89A1AA0AF}.Release|Any CPU.ActiveCfg = Release|Any CPU
		{19DA9C32-EFA1-4AE0-9D38-5EF89A1AA0AF}.Release|Any CPU.Build.0 = Release|Any CPU
	EndGlobalSection
	GlobalSection(SolutionProperties) = preSolution
		HideSolutionNode = FALSE
	EndGlobalSection
	GlobalSection(ExtensibilityGlobals) = postSolution
		SolutionGuid = {2C5C0E8C-A879-4087-A7C7-7F5500EA2C32}
	EndGlobalSection
EndGlobal
